
Microsoft Visual Studio Solution File, Format Version 12.00
# Visual Studio Version 16
VisualStudioVersion = 16.0.30011.22
MinimumVisualStudioVersion = 10.0.40219.1
Project("{2150E333-8FDC-42A3-9474-1A3956D46DE8}") = "src", "src", "{2EBC3F18-F9B3-4259-AE5E-4A77B41FF34F}"
EndProject
Project("{2150E333-8FDC-42A3-9474-1A3956D46DE8}") = "web", "web", "{18285102-7992-41BB-B9B5-C51589E70F88}"
EndProject
Project("{9A19103F-16F7-4668-BE54-9A1E7A4F7556}") = "EventCatalog", "EventCatalog\EventCatalog.csproj", "{F0964F90-6D93-4FE2-A53B-27B0A97FB8F5}"
EndProject
Project("{2150E333-8FDC-42A3-9474-1A3956D46DE8}") = "services", "services", "{09AC77CD-24E5-4489-96A4-5EC019316121}"
EndProject
Project("{E53339B2-1760-4266-BCC7-CA923CBCF16C}") = "docker-compose", "docker-compose.dcproj", "{47424467-CE35-4C31-9FB1-615E8B0C87BF}"
EndProject
Project("{9A19103F-16F7-4668-BE54-9A1E7A4F7556}") = "WebMvc", "WebMvc\WebMvc.csproj", "{C8FDC88C-0F5F-49CA-A5BE-D135206592BF}"
EndProject
Project("{9A19103F-16F7-4668-BE54-9A1E7A4F7556}") = "TokenServiceApi", "TokenServiceApi\TokenServiceApi.csproj", "{B733F079-6A89-4C7D-A6AE-7DCA957BB620}"
EndProject
Project("{9A19103F-16F7-4668-BE54-9A1E7A4F7556}") = "CartApi", "CartApi\CartApi.csproj", "{DB3DFD9F-CD87-4DFB-A22A-DF9EC8F1866A}"
EndProject
Project("{FAE04EC0-301F-11D3-BF4B-00C04F79EFBC}") = "OrderApi", "OrderApi\OrderApi.csproj", "{1F049AC8-40A5-47A5-A1FA-27F9C223B751}"
EndProject
Global
	GlobalSection(SolutionConfigurationPlatforms) = preSolution
		Debug|Any CPU = Debug|Any CPU
		Release|Any CPU = Release|Any CPU
	EndGlobalSection
	GlobalSection(ProjectConfigurationPlatforms) = postSolution
		{F0964F90-6D93-4FE2-A53B-27B0A97FB8F5}.Debug|Any CPU.ActiveCfg = Debug|Any CPU
		{F0964F90-6D93-4FE2-A53B-27B0A97FB8F5}.Debug|Any CPU.Build.0 = Debug|Any CPU
		{F0964F90-6D93-4FE2-A53B-27B0A97FB8F5}.Release|Any CPU.ActiveCfg = Release|Any CPU
		{F0964F90-6D93-4FE2-A53B-27B0A97FB8F5}.Release|Any CPU.Build.0 = Release|Any CPU
		{47424467-CE35-4C31-9FB1-615E8B0C87BF}.Debug|Any CPU.ActiveCfg = Debug|Any CPU
		{47424467-CE35-4C31-9FB1-615E8B0C87BF}.Debug|Any CPU.Build.0 = Debug|Any CPU
		{47424467-CE35-4C31-9FB1-615E8B0C87BF}.Release|Any CPU.ActiveCfg = Release|Any CPU
		{47424467-CE35-4C31-9FB1-615E8B0C87BF}.Release|Any CPU.Build.0 = Release|Any CPU
		{C8FDC88C-0F5F-49CA-A5BE-D135206592BF}.Debug|Any CPU.ActiveCfg = Debug|Any CPU
		{C8FDC88C-0F5F-49CA-A5BE-D135206592BF}.Debug|Any CPU.Build.0 = Debug|Any CPU
		{C8FDC88C-0F5F-49CA-A5BE-D135206592BF}.Release|Any CPU.ActiveCfg = Release|Any CPU
		{C8FDC88C-0F5F-49CA-A5BE-D135206592BF}.Release|Any CPU.Build.0 = Release|Any CPU
		{B733F079-6A89-4C7D-A6AE-7DCA957BB620}.Debug|Any CPU.ActiveCfg = Debug|Any CPU
		{B733F079-6A89-4C7D-A6AE-7DCA957BB620}.Debug|Any CPU.Build.0 = Debug|Any CPU
		{B733F079-6A89-4C7D-A6AE-7DCA957BB620}.Release|Any CPU.ActiveCfg = Release|Any CPU
		{B733F079-6A89-4C7D-A6AE-7DCA957BB620}.Release|Any CPU.Build.0 = Release|Any CPU
		{DB3DFD9F-CD87-4DFB-A22A-DF9EC8F1866A}.Debug|Any CPU.ActiveCfg = Debug|Any CPU
		{DB3DFD9F-CD87-4DFB-A22A-DF9EC8F1866A}.Debug|Any CPU.Build.0 = Debug|Any CPU
		{DB3DFD9F-CD87-4DFB-A22A-DF9EC8F1866A}.Release|Any CPU.ActiveCfg = Release|Any CPU
		{DB3DFD9F-CD87-4DFB-A22A-DF9EC8F1866A}.Release|Any CPU.Build.0 = Release|Any CPU
		{1F049AC8-40A5-47A5-A1FA-27F9C223B751}.Debug|Any CPU.ActiveCfg = Debug|Any CPU
		{1F049AC8-40A5-47A5-A1FA-27F9C223B751}.Debug|Any CPU.Build.0 = Debug|Any CPU
		{1F049AC8-40A5-47A5-A1FA-27F9C223B751}.Release|Any CPU.ActiveCfg = Release|Any CPU
		{1F049AC8-40A5-47A5-A1FA-27F9C223B751}.Release|Any CPU.Build.0 = Release|Any CPU
	EndGlobalSection
	GlobalSection(SolutionProperties) = preSolution
		HideSolutionNode = FALSE
	EndGlobalSection
	GlobalSection(NestedProjects) = preSolution
		{18285102-7992-41BB-B9B5-C51589E70F88} = {2EBC3F18-F9B3-4259-AE5E-4A77B41FF34F}
		{F0964F90-6D93-4FE2-A53B-27B0A97FB8F5} = {09AC77CD-24E5-4489-96A4-5EC019316121}
		{09AC77CD-24E5-4489-96A4-5EC019316121} = {2EBC3F18-F9B3-4259-AE5E-4A77B41FF34F}
		{C8FDC88C-0F5F-49CA-A5BE-D135206592BF} = {18285102-7992-41BB-B9B5-C51589E70F88}
		{B733F079-6A89-4C7D-A6AE-7DCA957BB620} = {09AC77CD-24E5-4489-96A4-5EC019316121}
		{DB3DFD9F-CD87-4DFB-A22A-DF9EC8F1866A} = {09AC77CD-24E5-4489-96A4-5EC019316121}
		{1F049AC8-40A5-47A5-A1FA-27F9C223B751} = {09AC77CD-24E5-4489-96A4-5EC019316121}
	EndGlobalSection
	GlobalSection(ExtensibilityGlobals) = postSolution
		SolutionGuid = {DBFD66CA-532C-481A-B953-BBF778D7354B}
	EndGlobalSection
EndGlobal
